
Microsoft Visual Studio Solution File, Format Version 12.00
# Visual Studio Version 17
VisualStudioVersion = 17.7.34221.43
MinimumVisualStudioVersion = 10.0.40219.1
Project("{FAE04EC0-301F-11D3-BF4B-00C04F79EFBC}") = "dictionary", "dictionary.csproj", "{95E0E6E4-174B-4B61-920F-2BB929DC2F62}"
EndProject
Global
	GlobalSection(SolutionConfigurationPlatforms) = preSolution
		Debug|Any CPU = Debug|Any CPU
		Release|Any CPU = Release|Any CPU
	EndGlobalSection
	GlobalSection(ProjectConfigurationPlatforms) = postSolution
		{95E0E6E4-174B-4B61-920F-2BB929DC2F62}.Debug|Any CPU.ActiveCfg = Debug|Any CPU
		{95E0E6E4-174B-4B61-920F-2BB929DC2F62}.Debug|Any CPU.Build.0 = Debug|Any CPU
		{95E0E6E4-174B-4B61-920F-2BB929DC2F62}.Release|Any CPU.ActiveCfg = Release|Any CPU
		{95E0E6E4-174B-4B61-920F-2BB929DC2F62}.Release|Any CPU.Build.0 = Release|Any CPU
	EndGlobalSection
	GlobalSection(SolutionProperties) = preSolution
		HideSolutionNode = FALSE
	EndGlobalSection
	GlobalSection(ExtensibilityGlobals) = postSolution
		SolutionGuid = {A4F65F39-B5F9-453D-9BEB-D653C8FD217A}
	EndGlobalSection
EndGlobal
